
Microsoft Visual Studio Solution File, Format Version 12.00
# Visual Studio Version 17
VisualStudioVersion = 17.14.36414.22 d17.14
MinimumVisualStudioVersion = 10.0.40219.1
Project("{2150E333-8FDC-42A3-9474-1A3956D46DE8}") = "Project", "Project", "{02EA681E-C7D8-13C7-8484-4AC65E1B71E8}"
EndProject
Project("{FAE04EC0-301F-11D3-BF4B-00C04F79EFBC}") = "Tyuiu.PavlovaVV.Sprint7.Project.V2.Lib", "Tyuiu.PavlovaVV.Sprint7.Project.V2.Lib\Tyuiu.PavlovaVV.Sprint7.Project.V2.Lib.csproj", "{967E792E-5F1B-4141-B0DA-F6C2CFC7EA65}"
EndProject
Project("{FAE04EC0-301F-11D3-BF4B-00C04F79EFBC}") = "Tyuiu.PavlovaVV.Sprint7.Project.V2.Test", "Tyuiu.PavlovaVV.Sprint7.Project.V2.Test\Tyuiu.PavlovaVV.Sprint7.Project.V2.Test.csproj", "{E72C7A1F-CBBB-45BD-8C47-3CE626012E60}"
EndProject
Project("{FAE04EC0-301F-11D3-BF4B-00C04F79EFBC}") = "Tyuiu.PavlovaVV.Sprint7.Project.V2", "Tyuiu.PavlovaVV.Sprint7.Project.V2\Tyuiu.PavlovaVV.Sprint7.Project.V2.csproj", "{089DF6C9-0240-4F6D-9721-D19265324843}"
EndProject
Global
	GlobalSection(SolutionConfigurationPlatforms) = preSolution
		Debug|Any CPU = Debug|Any CPU
		Release|Any CPU = Release|Any CPU
	EndGlobalSection
	GlobalSection(ProjectConfigurationPlatforms) = postSolution
		{967E792E-5F1B-4141-B0DA-F6C2CFC7EA65}.Debug|Any CPU.ActiveCfg = Debug|Any CPU
		{967E792E-5F1B-4141-B0DA-F6C2CFC7EA65}.Debug|Any CPU.Build.0 = Debug|Any CPU
		{967E792E-5F1B-4141-B0DA-F6C2CFC7EA65}.Release|Any CPU.ActiveCfg = Release|Any CPU
		{967E792E-5F1B-4141-B0DA-F6C2CFC7EA65}.Release|Any CPU.Build.0 = Release|Any CPU
		{E72C7A1F-CBBB-45BD-8C47-3CE626012E60}.Debug|Any CPU.ActiveCfg = Debug|Any CPU
		{E72C7A1F-CBBB-45BD-8C47-3CE626012E60}.Debug|Any CPU.Build.0 = Debug|Any CPU
		{E72C7A1F-CBBB-45BD-8C47-3CE626012E60}.Release|Any CPU.ActiveCfg = Release|Any CPU
		{E72C7A1F-CBBB-45BD-8C47-3CE626012E60}.Release|Any CPU.Build.0 = Release|Any CPU
		{089DF6C9-0240-4F6D-9721-D19265324843}.Debug|Any CPU.ActiveCfg = Debug|Any CPU
		{089DF6C9-0240-4F6D-9721-D19265324843}.Debug|Any CPU.Build.0 = Debug|Any CPU
		{089DF6C9-0240-4F6D-9721-D19265324843}.Release|Any CPU.ActiveCfg = Release|Any CPU
		{089DF6C9-0240-4F6D-9721-D19265324843}.Release|Any CPU.Build.0 = Release|Any CPU
	EndGlobalSection
	GlobalSection(SolutionProperties) = preSolution
		HideSolutionNode = FALSE
	EndGlobalSection
	GlobalSection(NestedProjects) = preSolution
		{967E792E-5F1B-4141-B0DA-F6C2CFC7EA65} = {02EA681E-C7D8-13C7-8484-4AC65E1B71E8}
		{E72C7A1F-CBBB-45BD-8C47-3CE626012E60} = {02EA681E-C7D8-13C7-8484-4AC65E1B71E8}
		{089DF6C9-0240-4F6D-9721-D19265324843} = {02EA681E-C7D8-13C7-8484-4AC65E1B71E8}
	EndGlobalSection
	GlobalSection(ExtensibilityGlobals) = postSolution
		SolutionGuid = {5D043547-AD79-4F0A-A929-8EF93A2116E6}
	EndGlobalSection
EndGlobal
